
Microsoft Visual Studio Solution File, Format Version 12.00
# Visual Studio 15
VisualStudioVersion = 15.0.27428.2043
MinimumVisualStudioVersion = 10.0.40219.1
Project("{FAE04EC0-301F-11D3-BF4B-00C04F79EFBC}") = "TeamspeakMusicBot v3", "TeamspeakMusicBot v3\TeamspeakMusicBot v3.csproj", "{4F5E004D-DCDF-4C56-A213-9AB718F3C553}"
EndProject
Global
	GlobalSection(SolutionConfigurationPlatforms) = preSolution
		Debug|Any CPU = Debug|Any CPU
		Debug|x64 = Debug|x64
		Release|Any CPU = Release|Any CPU
		Release|x64 = Release|x64
	EndGlobalSection
	GlobalSection(ProjectConfigurationPlatforms) = postSolution
		{4F5E004D-DCDF-4C56-A213-9AB718F3C553}.Debug|Any CPU.ActiveCfg = Debug|Any CPU
		{4F5E004D-DCDF-4C56-A213-9AB718F3C553}.Debug|Any CPU.Build.0 = Debug|Any CPU
		{4F5E004D-DCDF-4C56-A213-9AB718F3C553}.Debug|x64.ActiveCfg = Debug|x64
		{4F5E004D-DCDF-4C56-A213-9AB718F3C553}.Debug|x64.Build.0 = Debug|x64
		{4F5E004D-DCDF-4C56-A213-9AB718F3C553}.Release|Any CPU.ActiveCfg = Release|Any CPU
		{4F5E004D-DCDF-4C56-A213-9AB718F3C553}.Release|Any CPU.Build.0 = Release|Any CPU
		{4F5E004D-DCDF-4C56-A213-9AB718F3C553}.Release|x64.ActiveCfg = Release|Any CPU
		{4F5E004D-DCDF-4C56-A213-9AB718F3C553}.Release|x64.Build.0 = Release|Any CPU
	EndGlobalSection
	GlobalSection(SolutionProperties) = preSolution
		HideSolutionNode = FALSE
	EndGlobalSection
	GlobalSection(ExtensibilityGlobals) = postSolution
		SolutionGuid = {1048CE33-C648-4D2D-BB1E-88C9A3777C38}
	EndGlobalSection
EndGlobal
